
Microsoft Visual Studio Solution File, Format Version 12.00
Project("{FAE04EC0-301F-11D3-BF4B-00C04F79EFBC}") = "CanvasCommunity", "CanvasCommunity\CanvasCommunity.csproj", "{7E90DA3C-A12E-46A0-BB53-C6801F84E1B1}"
EndProject
Global
	GlobalSection(SolutionConfigurationPlatforms) = preSolution
		Debug|Any CPU = Debug|Any CPU
		Release|Any CPU = Release|Any CPU
	EndGlobalSection
	GlobalSection(ProjectConfigurationPlatforms) = postSolution
		{7E90DA3C-A12E-46A0-BB53-C6801F84E1B1}.Debug|Any CPU.ActiveCfg = Debug|Any CPU
		{7E90DA3C-A12E-46A0-BB53-C6801F84E1B1}.Debug|Any CPU.Build.0 = Debug|Any CPU
		{7E90DA3C-A12E-46A0-BB53-C6801F84E1B1}.Release|Any CPU.ActiveCfg = Release|Any CPU
		{7E90DA3C-A12E-46A0-BB53-C6801F84E1B1}.Release|Any CPU.Build.0 = Release|Any CPU
	EndGlobalSection
EndGlobal
